// !$*UTF8*$!
{
	archiveVersion = 1;
	classes = {
	};
	objectVersion = 77;
	objects = {

/* Begin PBXBuildFile section */
		02E368EF191748EF4E998690 /* JarvisShortcuts.swift in Sources */ = {isa = PBXBuildFile; fileRef = 4CA7A21A0B3DAA39EDB851B6 /* JarvisShortcuts.swift */; };
		05CFC9F7C155C18A56151AA9 /* JarvisReplyWaiter.swift in Sources */ = {isa = PBXBuildFile; fileRef = E874E7557F0A1B4C6A51EFF8 /* JarvisReplyWaiter.swift */; };
		08FB138313D1EC3412C3F20E /* ChatView.swift in Sources */ = {isa = PBXBuildFile; fileRef = 3784B2D589C11B07F162E081 /* ChatView.swift */; };
		1183145955C5DDA4C39240E1 /* BiometricScanView.swift in Sources */ = {isa = PBXBuildFile; fileRef = EC850B6A1370DB6266623A95 /* BiometricScanView.swift */; };
		5AB332093C9B5FB78976B9D3 /* LoginView.swift in Sources */ = {isa = PBXBuildFile; fileRef = 68EF169C478121B9A1DECCBE /* LoginView.swift */; };
		6CCF828C43982B0BE84FBC53 /* AskJarvisIntent.swift in Sources */ = {isa = PBXBuildFile; fileRef = 0DE8F6624E5A8563A48C7D89 /* AskJarvisIntent.swift */; };
		7EEA483ADA420EACDACADA73 /* CameraController.swift in Sources */ = {isa = PBXBuildFile; fileRef = 901EE77E91E347956A51D765 /* CameraController.swift */; };
		84A770BF0B73445C3FA310BD /* JarvisAppApp.swift in Sources */ = {isa = PBXBuildFile; fileRef = CD82D3309292EDA648762FA1 /* JarvisAppApp.swift */; };
		A00C30C7EA203819D970AB25 /* KeychainStore.swift in Sources */ = {isa = PBXBuildFile; fileRef = 6CE470BCD247E159D67A447A /* KeychainStore.swift */; };
		B7E84BB4357D7B64942C19A9 /* JarvisWebSocket.swift in Sources */ = {isa = PBXBuildFile; fileRef = 773E5DEDB74887401EC207C9 /* JarvisWebSocket.swift */; };
		C3234445106CDBF35E77D69A /* JarvisAPI.swift in Sources */ = {isa = PBXBuildFile; fileRef = 227CF88A6D34596CA4946FD6 /* JarvisAPI.swift */; };
		C658C2713353732D0F708CB0 /* CameraPreviewView.swift in Sources */ = {isa = PBXBuildFile; fileRef = 04D0CA8480E36BF0D252DAA6 /* CameraPreviewView.swift */; };
		DFC3FE3C29EBDB1E67D93CC9 /* ContentView.swift in Sources */ = {isa = PBXBuildFile; fileRef = DC950AD1FFC41D7D4D8E8F4B /* ContentView.swift */; };
/* End PBXBuildFile section */

/* Begin PBXFileReference section */
		04D0CA8480E36BF0D252DAA6 /* CameraPreviewView.swift */ = {isa = PBXFileReference; lastKnownFileType = sourcecode.swift; path = CameraPreviewView.swift; sourceTree = "<group>"; };
		0DE8F6624E5A8563A48C7D89 /* AskJarvisIntent.swift */ = {isa = PBXFileReference; lastKnownFileType = sourcecode.swift; path = AskJarvisIntent.swift; sourceTree = "<group>"; };
		227CF88A6D34596CA4946FD6 /* JarvisAPI.swift */ = {isa = PBXFileReference; lastKnownFileType = sourcecode.swift; path = JarvisAPI.swift; sourceTree = "<group>"; };
		3784B2D589C11B07F162E081 /* ChatView.swift */ = {isa = PBXFileReference; lastKnownFileType = sourcecode.swift; path = ChatView.swift; sourceTree = "<group>"; };
		4CA7A21A0B3DAA39EDB851B6 /* JarvisShortcuts.swift */ = {isa = PBXFileReference; lastKnownFileType = sourcecode.swift; path = JarvisShortcuts.swift; sourceTree = "<group>"; };
		68EF169C478121B9A1DECCBE /* LoginView.swift */ = {isa = PBXFileReference; lastKnownFileType = sourcecode.swift; path = LoginView.swift; sourceTree = "<group>"; };
		6931A58F122A71990D09EF46 /* JarvisApp.app */ = {isa = PBXFileReference; includeInIndex = 0; lastKnownFileType = wrapper.application; path = JarvisApp.app; sourceTree = BUILT_PRODUCTS_DIR; };
		6CE470BCD247E159D67A447A /* KeychainStore.swift */ = {isa = PBXFileReference; lastKnownFileType = sourcecode.swift; path = KeychainStore.swift; sourceTree = "<group>"; };
		773E5DEDB74887401EC207C9 /* JarvisWebSocket.swift */ = {isa = PBXFileReference; lastKnownFileType = sourcecode.swift; path = JarvisWebSocket.swift; sourceTree = "<group>"; };
		901EE77E91E347956A51D765 /* CameraController.swift */ = {isa = PBXFileReference; lastKnownFileType = sourcecode.swift; path = CameraController.swift; sourceTree = "<group>"; };
		A48C2C7464701B9F6D501943 /* Info.plist */ = {isa = PBXFileReference; lastKnownFileType = text.plist; path = Info.plist; sourceTree = "<group>"; };
		CD82D3309292EDA648762FA1 /* JarvisAppApp.swift */ = {isa = PBXFileReference; lastKnownFileType = sourcecode.swift; path = JarvisAppApp.swift; sourceTree = "<group>"; };
		DC950AD1FFC41D7D4D8E8F4B /* ContentView.swift */ = {isa = PBXFileReference; lastKnownFileType = sourcecode.swift; path = ContentView.swift; sourceTree = "<group>"; };
		E874E7557F0A1B4C6A51EFF8 /* JarvisReplyWaiter.swift */ = {isa = PBXFileReference; lastKnownFileType = sourcecode.swift; path = JarvisReplyWaiter.swift; sourceTree = "<group>"; };
		EC850B6A1370DB6266623A95 /* BiometricScanView.swift */ = {isa = PBXFileReference; lastKnownFileType = sourcecode.swift; path = BiometricScanView.swift; sourceTree = "<group>"; };
/* End PBXFileReference section */

/* Begin PBXGroup section */
		08FED5B7DD0903F841695517 /* JarvisApp */ = {
			isa = PBXGroup;
			children = (
				DC950AD1FFC41D7D4D8E8F4B /* ContentView.swift */,
				A48C2C7464701B9F6D501943 /* Info.plist */,
				CD82D3309292EDA648762FA1 /* JarvisAppApp.swift */,
				1F4B6204EE1D0759ACB6C829 /* Auth */,
				D6F53C0AC9D7B874833A3248 /* Intents */,
				EE2060CC9A1EED2A0F3DBDA8 /* Networking */,
				699E1B9953460F6945E81F1F /* Views */,
			);
			path = JarvisApp;
			sourceTree = "<group>";
		};
		1F4B6204EE1D0759ACB6C829 /* Auth */ = {
			isa = PBXGroup;
			children = (
				6CE470BCD247E159D67A447A /* KeychainStore.swift */,
			);
			path = Auth;
			sourceTree = "<group>";
		};
		241DC7A9A2CF5BC2D04B1BB2 /* Products */ = {
			isa = PBXGroup;
			children = (
				6931A58F122A71990D09EF46 /* JarvisApp.app */,
			);
			name = Products;
			sourceTree = "<group>";
		};
		699E1B9953460F6945E81F1F /* Views */ = {
			isa = PBXGroup;
			children = (
				EC850B6A1370DB6266623A95 /* BiometricScanView.swift */,
				901EE77E91E347956A51D765 /* CameraController.swift */,
				04D0CA8480E36BF0D252DAA6 /* CameraPreviewView.swift */,
				3784B2D589C11B07F162E081 /* ChatView.swift */,
				68EF169C478121B9A1DECCBE /* LoginView.swift */,
			);
			path = Views;
			sourceTree = "<group>";
		};
		D6F53C0AC9D7B874833A3248 /* Intents */ = {
			isa = PBXGroup;
			children = (
				0DE8F6624E5A8563A48C7D89 /* AskJarvisIntent.swift */,
				4CA7A21A0B3DAA39EDB851B6 /* JarvisShortcuts.swift */,
			);
			path = Intents;
			sourceTree = "<group>";
		};
		EE2060CC9A1EED2A0F3DBDA8 /* Networking */ = {
			isa = PBXGroup;
			children = (
				227CF88A6D34596CA4946FD6 /* JarvisAPI.swift */,
				E874E7557F0A1B4C6A51EFF8 /* JarvisReplyWaiter.swift */,
				773E5DEDB74887401EC207C9 /* JarvisWebSocket.swift */,
			);
			path = Networking;
			sourceTree = "<group>";
		};
		FAB52A8BA94ED53024677170 = {
			isa = PBXGroup;
			children = (
				08FED5B7DD0903F841695517 /* JarvisApp */,
				241DC7A9A2CF5BC2D04B1BB2 /* Products */,
			);
			sourceTree = "<group>";
		};
/* End PBXGroup section */

/* Begin PBXNativeTarget section */
		CE37E25EDF3A9F2A5BDA9298 /* JarvisApp */ = {
			isa = PBXNativeTarget;
			buildConfigurationList = F0EBA81C0F5F79EA2F31CADD /* Build configuration list for PBXNativeTarget "JarvisApp" */;
			buildPhases = (
				6E8423563D0FD4F8B7DD421F /* Sources */,
			);
			buildRules = (
			);
			dependencies = (
			);
			name = JarvisApp;
			packageProductDependencies = (
			);
			productName = JarvisApp;
			productReference = 6931A58F122A71990D09EF46 /* JarvisApp.app */;
			productType = "com.apple.product-type.application";
		};
/* End PBXNativeTarget section */

/* Begin PBXProject section */
		7DB0DAB8DB97C1CD818BB48F /* Project object */ = {
			isa = PBXProject;
			attributes = {
				BuildIndependentTargetsInParallel = YES;
				LastUpgradeCheck = 1430;
				TargetAttributes = {
					CE37E25EDF3A9F2A5BDA9298 = {
						DevelopmentTeam = "";
					};
				};
			};
			buildConfigurationList = B4B55E25995F926AA11FA6BD /* Build configuration list for PBXProject "JarvisApp" */;
			developmentRegion = en;
			hasScannedForEncodings = 0;
			knownRegions = (
				Base,
				en,
			);
			mainGroup = FAB52A8BA94ED53024677170;
			minimizedProjectReferenceProxies = 1;
			preferredProjectObjectVersion = 77;
			productRefGroup = 241DC7A9A2CF5BC2D04B1BB2 /* Products */;
			projectDirPath = "";
			projectRoot = "";
			targets = (
				CE37E25EDF3A9F2A5BDA9298 /* JarvisApp */,
			);
		};
/* End PBXProject section */

/* Begin PBXSourcesBuildPhase section */
		6E8423563D0FD4F8B7DD421F /* Sources */ = {
			isa = PBXSourcesBuildPhase;
			buildActionMask = 2147483647;
			files = (
				6CCF828C43982B0BE84FBC53 /* AskJarvisIntent.swift in Sources */,
				1183145955C5DDA4C39240E1 /* BiometricScanView.swift in Sources */,
				7EEA483ADA420EACDACADA73 /* CameraController.swift in Sources */,
				C658C2713353732D0F708CB0 /* CameraPreviewView.swift in Sources */,
				08FB138313D1EC3412C3F20E /* ChatView.swift in Sources */,
				DFC3FE3C29EBDB1E67D93CC9 /* ContentView.swift in Sources */,
				C3234445106CDBF35E77D69A /* JarvisAPI.swift in Sources */,
				84A770BF0B73445C3FA310BD /* JarvisAppApp.swift in Sources */,
				05CFC9F7C155C18A56151AA9 /* JarvisReplyWaiter.swift in Sources */,
				02E368EF191748EF4E998690 /* JarvisShortcuts.swift in Sources */,
				B7E84BB4357D7B64942C19A9 /* JarvisWebSocket.swift in Sources */,
				A00C30C7EA203819D970AB25 /* KeychainStore.swift in Sources */,
				5AB332093C9B5FB78976B9D3 /* LoginView.swift in Sources */,
			);
			runOnlyForDeploymentPostprocessing = 0;
		};
/* End PBXSourcesBuildPhase section */

/* Begin XCBuildConfiguration section */
		09CA5CFC2A58CE130E4CF8AD /* Release */ = {
			isa = XCBuildConfiguration;
			buildSettings = {
				ASSETCATALOG_COMPILER_APPICON_NAME = AppIcon;
				CODE_SIGN_IDENTITY = "iPhone Developer";
				ENABLE_PREVIEWS = YES;
				INFOPLIST_FILE = JarvisApp/Info.plist;
				INFOPLIST_KEY_UIApplicationSceneManifest_Generation = YES;
				LD_RUNPATH_SEARCH_PATHS = (
					"$(inherited)",
					"@executable_path/Frameworks",
				);
				PRODUCT_BUNDLE_IDENTIFIER = com.jameslumsden.JarvisApp;
				SDKROOT = iphoneos;
				TARGETED_DEVICE_FAMILY = 1;
			};
			name = Release;
		};
		6B647F87BE13951A030879F5 /* Debug */ = {
			isa = XCBuildConfiguration;
			buildSettings = {
				ALWAYS_SEARCH_USER_PATHS = NO;
				CLANG_ANALYZER_NONNULL = YES;
				CLANG_ANALYZER_NUMBER_OBJECT_CONVERSION = YES_AGGRESSIVE;
				CLANG_CXX_LANGUAGE_STANDARD = "gnu++14";
				CLANG_CXX_LIBRARY = "libc++";
				CLANG_ENABLE_MODULES = YES;
				CLANG_ENABLE_OBJC_ARC = YES;
				CLANG_ENABLE_OBJC_WEAK = YES;
				CLANG_WARN_BLOCK_CAPTURE_AUTORELEASING = YES;
				CLANG_WARN_BOOL_CONVERSION = YES;
				CLANG_WARN_COMMA = YES;
				CLANG_WARN_CONSTANT_CONVERSION = YES;
				CLANG_WARN_DEPRECATED_OBJC_IMPLEMENTATIONS = YES;
				CLANG_WARN_DIRECT_OBJC_ISA_USAGE = YES_ERROR;
				CLANG_WARN_DOCUMENTATION_COMMENTS = YES;
				CLANG_WARN_EMPTY_BODY = YES;
				CLANG_WARN_ENUM_CONVERSION = YES;
				CLANG_WARN_INFINITE_RECURSION = YES;
				CLANG_WARN_INT_CONVERSION = YES;
				CLANG_WARN_NON_LITERAL_NULL_CONVERSION = YES;
				CLANG_WARN_OBJC_IMPLICIT_RETAIN_SELF = YES;
				CLANG_WARN_OBJC_LITERAL_CONVERSION = YES;
				CLANG_WARN_OBJC_ROOT_CLASS = YES_ERROR;
				CLANG_WARN_QUOTED_INCLUDE_IN_FRAMEWORK_HEADER = YES;
				CLANG_WARN_RANGE_LOOP_ANALYSIS = YES;
				CLANG_WARN_STRICT_PROTOTYPES = YES;
				CLANG_WARN_SUSPICIOUS_MOVE = YES;
				CLANG_WARN_UNGUARDED_AVAILABILITY = YES_AGGRESSIVE;
				CLANG_WARN_UNREACHABLE_CODE = YES;
				CLANG_WARN__DUPLICATE_METHOD_MATCH = YES;
				COPY_PHASE_STRIP = NO;
				DEBUG_INFORMATION_FORMAT = dwarf;
				DEVELOPMENT_TEAM = "";
				ENABLE_STRICT_OBJC_MSGSEND = YES;
				ENABLE_TESTABILITY = YES;
				GCC_C_LANGUAGE_STANDARD = gnu11;
				GCC_DYNAMIC_NO_PIC = NO;
				GCC_NO_COMMON_BLOCKS = YES;
				GCC_OPTIMIZATION_LEVEL = 0;
				GCC_PREPROCESSOR_DEFINITIONS = (
					"$(inherited)",
					"DEBUG=1",
				);
				GCC_WARN_64_TO_32_BIT_CONVERSION = YES;
				GCC_WARN_ABOUT_RETURN_TYPE = YES_ERROR;
				GCC_WARN_UNDECLARED_SELECTOR = YES;
				GCC_WARN_UNINITIALIZED_AUTOS = YES_AGGRESSIVE;
				GCC_WARN_UNUSED_FUNCTION = YES;
				GCC_WARN_UNUSED_VARIABLE = YES;
				IPHONEOS_DEPLOYMENT_TARGET = 17.0;
				MTL_ENABLE_DEBUG_INFO = INCLUDE_SOURCE;
				MTL_FAST_MATH = YES;
				ONLY_ACTIVE_ARCH = YES;
				PRODUCT_NAME = "$(TARGET_NAME)";
				SDKROOT = iphoneos;
				SWIFT_ACTIVE_COMPILATION_CONDITIONS = DEBUG;
				SWIFT_OPTIMIZATION_LEVEL = "-Onone";
				SWIFT_VERSION = 5.0;
			};
			name = Debug;
		};
		B18E79404590D18382DEB0FC /* Release */ = {
			isa = XCBuildConfiguration;
			buildSettings = {
				ALWAYS_SEARCH_USER_PATHS = NO;
				CLANG_ANALYZER_NONNULL = YES;
				CLANG_ANALYZER_NUMBER_OBJECT_CONVERSION = YES_AGGRESSIVE;
				CLANG_CXX_LANGUAGE_STANDARD = "gnu++14";
				CLANG_CXX_LIBRARY = "libc++";
				CLANG_ENABLE_MODULES = YES;
				CLANG_ENABLE_OBJC_ARC = YES;
				CLANG_ENABLE_OBJC_WEAK = YES;
				CLANG_WARN_BLOCK_CAPTURE_AUTORELEASING = YES;
				CLANG_WARN_BOOL_CONVERSION = YES;
				CLANG_WARN_COMMA = YES;
				CLANG_WARN_CONSTANT_CONVERSION = YES;
				CLANG_WARN_DEPRECATED_OBJC_IMPLEMENTATIONS = YES;
				CLANG_WARN_DIRECT_OBJC_ISA_USAGE = YES_ERROR;
				CLANG_WARN_DOCUMENTATION_COMMENTS = YES;
				CLANG_WARN_EMPTY_BODY = YES;
				CLANG_WARN_ENUM_CONVERSION = YES;
				CLANG_WARN_INFINITE_RECURSION = YES;
				CLANG_WARN_INT_CONVERSION = YES;
				CLANG_WARN_NON_LITERAL_NULL_CONVERSION = YES;
				CLANG_WARN_OBJC_IMPLICIT_RETAIN_SELF = YES;
				CLANG_WARN_OBJC_LITERAL_CONVERSION = YES;
				CLANG_WARN_OBJC_ROOT_CLASS = YES_ERROR;
				CLANG_WARN_QUOTED_INCLUDE_IN_FRAMEWORK_HEADER = YES;
				CLANG_WARN_RANGE_LOOP_ANALYSIS = YES;
				CLANG_WARN_STRICT_PROTOTYPES = YES;
				CLANG_WARN_SUSPICIOUS_MOVE = YES;
				CLANG_WARN_UNGUARDED_AVAILABILITY = YES_AGGRESSIVE;
				CLANG_WARN_UNREACHABLE_CODE = YES;
				CLANG_WARN__DUPLICATE_METHOD_MATCH = YES;
				COPY_PHASE_STRIP = NO;
				DEBUG_INFORMATION_FORMAT = "dwarf-with-dsym";
				DEVELOPMENT_TEAM = "";
				ENABLE_NS_ASSERTIONS = NO;
				ENABLE_STRICT_OBJC_MSGSEND = YES;
				GCC_C_LANGUAGE_STANDARD = gnu11;
				GCC_NO_COMMON_BLOCKS = YES;
				GCC_WARN_64_TO_32_BIT_CONVERSION = YES;
				GCC_WARN_ABOUT_RETURN_TYPE = YES_ERROR;
				GCC_WARN_UNDECLARED_SELECTOR = YES;
				GCC_WARN_UNINITIALIZED_AUTOS = YES_AGGRESSIVE;
				GCC_WARN_UNUSED_FUNCTION = YES;
				GCC_WARN_UNUSED_VARIABLE = YES;
				IPHONEOS_DEPLOYMENT_TARGET = 17.0;
				MTL_ENABLE_DEBUG_INFO = NO;
				MTL_FAST_MATH = YES;
				PRODUCT_NAME = "$(TARGET_NAME)";
				SDKROOT = iphoneos;
				SWIFT_COMPILATION_MODE = wholemodule;
				SWIFT_OPTIMIZATION_LEVEL = "-O";
				SWIFT_VERSION = 5.0;
			};
			name = Release;
		};
		B5955FF2DEE7496AB605E18D /* Debug */ = {
			isa = XCBuildConfiguration;
			buildSettings = {
				ASSETCATALOG_COMPILER_APPICON_NAME = AppIcon;
				CODE_SIGN_IDENTITY = "iPhone Developer";
				ENABLE_PREVIEWS = YES;
				INFOPLIST_FILE = JarvisApp/Info.plist;
				INFOPLIST_KEY_UIApplicationSceneManifest_Generation = YES;
				LD_RUNPATH_SEARCH_PATHS = (
					"$(inherited)",
					"@executable_path/Frameworks",
				);
				PRODUCT_BUNDLE_IDENTIFIER = com.jameslumsden.JarvisApp;
				SDKROOT = iphoneos;
				TARGETED_DEVICE_FAMILY = 1;
			};
			name = Debug;
		};
/* End XCBuildConfiguration section */

/* Begin XCConfigurationList section */
		B4B55E25995F926AA11FA6BD /* Build configuration list for PBXProject "JarvisApp" */ = {
			isa = XCConfigurationList;
			buildConfigurations = (
				6B647F87BE13951A030879F5 /* Debug */,
				B18E79404590D18382DEB0FC /* Release */,
			);
			defaultConfigurationIsVisible = 0;
			defaultConfigurationName = Debug;
		};
		F0EBA81C0F5F79EA2F31CADD /* Build configuration list for PBXNativeTarget "JarvisApp" */ = {
			isa = XCConfigurationList;
			buildConfigurations = (
				B5955FF2DEE7496AB605E18D /* Debug */,
				09CA5CFC2A58CE130E4CF8AD /* Release */,
			);
			defaultConfigurationIsVisible = 0;
			defaultConfigurationName = Debug;
		};
/* End XCConfigurationList section */
	};
	rootObject = 7DB0DAB8DB97C1CD818BB48F /* Project object */;
}
